
Microsoft Visual Studio Solution File, Format Version 12.00
# Visual Studio Version 17
VisualStudioVersion = 17.11.35312.102
MinimumVisualStudioVersion = 10.0.40219.1
Project("{FAE04EC0-301F-11D3-BF4B-00C04F79EFBC}") = "fargateECS", "fargateECS.csproj", "{D76D21DB-6B59-41BF-B1BD-752DA4240F2F}"
EndProject
Global
	GlobalSection(SolutionConfigurationPlatforms) = preSolution
		Debug|Any CPU = Debug|Any CPU
		Release|Any CPU = Release|Any CPU
	EndGlobalSection
	GlobalSection(ProjectConfigurationPlatforms) = postSolution
		{D76D21DB-6B59-41BF-B1BD-752DA4240F2F}.Debug|Any CPU.ActiveCfg = Debug|Any CPU
		{D76D21DB-6B59-41BF-B1BD-752DA4240F2F}.Debug|Any CPU.Build.0 = Debug|Any CPU
		{D76D21DB-6B59-41BF-B1BD-752DA4240F2F}.Release|Any CPU.ActiveCfg = Release|Any CPU
		{D76D21DB-6B59-41BF-B1BD-752DA4240F2F}.Release|Any CPU.Build.0 = Release|Any CPU
	EndGlobalSection
	GlobalSection(SolutionProperties) = preSolution
		HideSolutionNode = FALSE
	EndGlobalSection
	GlobalSection(ExtensibilityGlobals) = postSolution
		SolutionGuid = {558B587D-CD3B-4265-80E5-DB24F57F8705}
	EndGlobalSection
EndGlobal
